Microsoft Visual Studio Solution File, Format Version 12.00
# Visual Studio Version 17
VisualStudioVersion = 17.5.2.0
MinimumVisualStudioVersion = 10.0.40219.1
Project("{FAE04EC0-301F-11D3-BF4B-00C04F79EFBC}") = "tl2-tp7-2025-SkyAce26", "tl2-tp7-2025-SkyAce26.csproj", "{437A00D5-8647-137D-186C-558ACC57FAD2}"
EndProject
Global
	GlobalSection(SolutionConfigurationPlatforms) = preSolution
		Debug|Any CPU = Debug|Any CPU
		Release|Any CPU = Release|Any CPU
	EndGlobalSection
	GlobalSection(ProjectConfigurationPlatforms) = postSolution
		{437A00D5-8647-137D-186C-558ACC57FAD2}.Debug|Any CPU.ActiveCfg = Debug|Any CPU
		{437A00D5-8647-137D-186C-558ACC57FAD2}.Debug|Any CPU.Build.0 = Debug|Any CPU
		{437A00D5-8647-137D-186C-558ACC57FAD2}.Release|Any CPU.ActiveCfg = Release|Any CPU
		{437A00D5-8647-137D-186C-558ACC57FAD2}.Release|Any CPU.Build.0 = Release|Any CPU
	EndGlobalSection
	GlobalSection(SolutionProperties) = preSolution
		HideSolutionNode = FALSE
	EndGlobalSection
	GlobalSection(ExtensibilityGlobals) = postSolution
		SolutionGuid = {38A0971F-5B93-4458-93F8-C0BE6CB81326}
	EndGlobalSection
EndGlobal
